
Microsoft Visual Studio Solution File, Format Version 12.00
# Visual Studio Version 16
VisualStudioVersion = 16.0.30114.105
MinimumVisualStudioVersion = 10.0.40219.1
Project("{FAE04EC0-301F-11D3-BF4B-00C04F79EFBC}") = "SportsStore.UnitTests", "SportsStore.UnitTests\SportsStore.UnitTests.csproj", "{FCEAAC8E-5DD3-4465-9F87-4B1E03F58E77}"
EndProject
Project("{FAE04EC0-301F-11D3-BF4B-00C04F79EFBC}") = "SportsStore.WebUI", "SportsStore.WebUI\SportsStore.WebUI.csproj", "{A1CFF35B-B05D-4C2B-B19B-703FDDEFDCA8}"
EndProject
Project("{FAE04EC0-301F-11D3-BF4B-00C04F79EFBC}") = "SportsStore.Domain", "SportsStore.Domain\SportsStore.Domain.csproj", "{BCB4AE60-945A-4587-9D22-34BB657CE4BA}"
EndProject
Project("{2150E333-8FDC-42A3-9474-1A3956D46DE8}") = "Demo Images", "Demo Images", "{3D2BBD9A-C44F-46BC-949B-6A6A80482ADE}"
	ProjectSection(SolutionItems) = preProject
		Images\SportsStoreMOHomeView.png = Images\SportsStoreMOHomeView.png
		Images\SportsStorePCHomeView.png = Images\SportsStorePCHomeView.png
	EndProjectSection
EndProject
Global
	GlobalSection(SolutionConfigurationPlatforms) = preSolution
		Debug|Any CPU = Debug|Any CPU
		Debug|ARM = Debug|ARM
		Debug|ARM64 = Debug|ARM64
		Debug|x64 = Debug|x64
		Debug|x86 = Debug|x86
		Release|Any CPU = Release|Any CPU
		Release|ARM = Release|ARM
		Release|ARM64 = Release|ARM64
		Release|x64 = Release|x64
		Release|x86 = Release|x86
	EndGlobalSection
	GlobalSection(ProjectConfigurationPlatforms) = postSolution
		{FCEAAC8E-5DD3-4465-9F87-4B1E03F58E77}.Debug|Any CPU.ActiveCfg = Debug|Any CPU
		{FCEAAC8E-5DD3-4465-9F87-4B1E03F58E77}.Debug|Any CPU.Build.0 = Debug|Any CPU
		{FCEAAC8E-5DD3-4465-9F87-4B1E03F58E77}.Debug|ARM.ActiveCfg = Debug|Any CPU
		{FCEAAC8E-5DD3-4465-9F87-4B1E03F58E77}.Debug|ARM.Build.0 = Debug|Any CPU
		{FCEAAC8E-5DD3-4465-9F87-4B1E03F58E77}.Debug|ARM64.ActiveCfg = Debug|Any CPU
		{FCEAAC8E-5DD3-4465-9F87-4B1E03F58E77}.Debug|ARM64.Build.0 = Debug|Any CPU
		{FCEAAC8E-5DD3-4465-9F87-4B1E03F58E77}.Debug|x64.ActiveCfg = Debug|Any CPU
		{FCEAAC8E-5DD3-4465-9F87-4B1E03F58E77}.Debug|x64.Build.0 = Debug|Any CPU
		{FCEAAC8E-5DD3-4465-9F87-4B1E03F58E77}.Debug|x86.ActiveCfg = Debug|Any CPU
		{FCEAAC8E-5DD3-4465-9F87-4B1E03F58E77}.Debug|x86.Build.0 = Debug|Any CPU
		{FCEAAC8E-5DD3-4465-9F87-4B1E03F58E77}.Release|Any CPU.ActiveCfg = Release|Any CPU
		{FCEAAC8E-5DD3-4465-9F87-4B1E03F58E77}.Release|Any CPU.Build.0 = Release|Any CPU
		{FCEAAC8E-5DD3-4465-9F87-4B1E03F58E77}.Release|ARM.ActiveCfg = Release|Any CPU
		{FCEAAC8E-5DD3-4465-9F87-4B1E03F58E77}.Release|ARM.Build.0 = Release|Any CPU
		{FCEAAC8E-5DD3-4465-9F87-4B1E03F58E77}.Release|ARM64.ActiveCfg = Release|Any CPU
		{FCEAAC8E-5DD3-4465-9F87-4B1E03F58E77}.Release|ARM64.Build.0 = Release|Any CPU
		{FCEAAC8E-5DD3-4465-9F87-4B1E03F58E77}.Release|x64.ActiveCfg = Release|Any CPU
		{FCEAAC8E-5DD3-4465-9F87-4B1E03F58E77}.Release|x64.Build.0 = Release|Any CPU
		{FCEAAC8E-5DD3-4465-9F87-4B1E03F58E77}.Release|x86.ActiveCfg = Release|Any CPU
		{FCEAAC8E-5DD3-4465-9F87-4B1E03F58E77}.Release|x86.Build.0 = Release|Any CPU
		{A1CFF35B-B05D-4C2B-B19B-703FDDEFDCA8}.Debug|Any CPU.ActiveCfg = Debug|Any CPU
		{A1CFF35B-B05D-4C2B-B19B-703FDDEFDCA8}.Debug|Any CPU.Build.0 = Debug|Any CPU
		{A1CFF35B-B05D-4C2B-B19B-703FDDEFDCA8}.Debug|ARM.ActiveCfg = Debug|Any CPU
		{A1CFF35B-B05D-4C2B-B19B-703FDDEFDCA8}.Debug|ARM.Build.0 = Debug|Any CPU
		{A1CFF35B-B05D-4C2B-B19B-703FDDEFDCA8}.Debug|ARM64.ActiveCfg = Debug|Any CPU
		{A1CFF35B-B05D-4C2B-B19B-703FDDEFDCA8}.Debug|ARM64.Build.0 = Debug|Any CPU
		{A1CFF35B-B05D-4C2B-B19B-703FDDEFDCA8}.Debug|x64.ActiveCfg = Debug|Any CPU
		{A1CFF35B-B05D-4C2B-B19B-703FDDEFDCA8}.Debug|x64.Build.0 = Debug|Any CPU
		{A1CFF35B-B05D-4C2B-B19B-703FDDEFDCA8}.Debug|x86.ActiveCfg = Debug|Any CPU
		{A1CFF35B-B05D-4C2B-B19B-703FDDEFDCA8}.Debug|x86.Build.0 = Debug|Any CPU
		{A1CFF35B-B05D-4C2B-B19B-703FDDEFDCA8}.Release|Any CPU.ActiveCfg = Release|Any CPU
		{A1CFF35B-B05D-4C2B-B19B-703FDDEFDCA8}.Release|Any CPU.Build.0 = Release|Any CPU
		{A1CFF35B-B05D-4C2B-B19B-703FDDEFDCA8}.Release|ARM.ActiveCfg = Release|Any CPU
		{A1CFF35B-B05D-4C2B-B19B-703FDDEFDCA8}.Release|ARM.Build.0 = Release|Any CPU
		{A1CFF35B-B05D-4C2B-B19B-703FDDEFDCA8}.Release|ARM64.ActiveCfg = Release|Any CPU
		{A1CFF35B-B05D-4C2B-B19B-703FDDEFDCA8}.Release|ARM64.Build.0 = Release|Any CPU
		{A1CFF35B-B05D-4C2B-B19B-703FDDEFDCA8}.Release|x64.ActiveCfg = Release|Any CPU
		{A1CFF35B-B05D-4C2B-B19B-703FDDEFDCA8}.Release|x64.Build.0 = Release|Any CPU
		{A1CFF35B-B05D-4C2B-B19B-703FDDEFDCA8}.Release|x86.ActiveCfg = Release|Any CPU
		{A1CFF35B-B05D-4C2B-B19B-703FDDEFDCA8}.Release|x86.Build.0 = Release|Any CPU
		{BCB4AE60-945A-4587-9D22-34BB657CE4BA}.Debug|Any CPU.ActiveCfg = Debug|Any CPU
		{BCB4AE60-945A-4587-9D22-34BB657CE4BA}.Debug|Any CPU.Build.0 = Debug|Any CPU
		{BCB4AE60-945A-4587-9D22-34BB657CE4BA}.Debug|ARM.ActiveCfg = Debug|Any CPU
		{BCB4AE60-945A-4587-9D22-34BB657CE4BA}.Debug|ARM.Build.0 = Debug|Any CPU
		{BCB4AE60-945A-4587-9D22-34BB657CE4BA}.Debug|ARM64.ActiveCfg = Debug|Any CPU
		{BCB4AE60-945A-4587-9D22-34BB657CE4BA}.Debug|ARM64.Build.0 = Debug|Any CPU
		{BCB4AE60-945A-4587-9D22-34BB657CE4BA}.Debug|x64.ActiveCfg = Debug|Any CPU
		{BCB4AE60-945A-4587-9D22-34BB657CE4BA}.Debug|x64.Build.0 = Debug|Any CPU
		{BCB4AE60-945A-4587-9D22-34BB657CE4BA}.Debug|x86.ActiveCfg = Debug|Any CPU
		{BCB4AE60-945A-4587-9D22-34BB657CE4BA}.Debug|x86.Build.0 = Debug|Any CPU
		{BCB4AE60-945A-4587-9D22-34BB657CE4BA}.Release|Any CPU.ActiveCfg = Release|Any CPU
		{BCB4AE60-945A-4587-9D22-34BB657CE4BA}.Release|Any CPU.Build.0 = Release|Any CPU
		{BCB4AE60-945A-4587-9D22-34BB657CE4BA}.Release|ARM.ActiveCfg = Release|Any CPU
		{BCB4AE60-945A-4587-9D22-34BB657CE4BA}.Release|ARM.Build.0 = Release|Any CPU
		{BCB4AE60-945A-4587-9D22-34BB657CE4BA}.Release|ARM64.ActiveCfg = Release|Any CPU
		{BCB4AE60-945A-4587-9D22-34BB657CE4BA}.Release|ARM64.Build.0 = Release|Any CPU
		{BCB4AE60-945A-4587-9D22-34BB657CE4BA}.Release|x64.ActiveCfg = Release|Any CPU
		{BCB4AE60-945A-4587-9D22-34BB657CE4BA}.Release|x64.Build.0 = Release|Any CPU
		{BCB4AE60-945A-4587-9D22-34BB657CE4BA}.Release|x86.ActiveCfg = Release|Any CPU
		{BCB4AE60-945A-4587-9D22-34BB657CE4BA}.Release|x86.Build.0 = Release|Any CPU
	EndGlobalSection
	GlobalSection(SolutionProperties) = preSolution
		HideSolutionNode = FALSE
	EndGlobalSection
	GlobalSection(ExtensibilityGlobals) = postSolution
		SolutionGuid = {D23E8F88-4E0E-4A7F-9C7C-A6CD172AD4DE}
	EndGlobalSection
EndGlobal
